
Microsoft Visual Studio Solution File, Format Version 12.00
# Visual Studio 14
VisualStudioVersion = 14.0.25420.1
MinimumVisualStudioVersion = 10.0.40219.1
Project("{FAE04EC0-301F-11D3-BF4B-00C04F79EFBC}") = "Example1", "Examples\Example1.csproj", "{79A59477-60B2-4C11-81D9-38BFA6C7555C}"
EndProject
Project("{FAE04EC0-301F-11D3-BF4B-00C04F79EFBC}") = "Example2", "Example2\Example2.csproj", "{E30538A8-31EC-4B31-8BCB-CAC3F68E5072}"
EndProject
Project("{FAE04EC0-301F-11D3-BF4B-00C04F79EFBC}") = "Example3", "Example3\Example3.csproj", "{CA5C06AD-7676-4C08-8A51-67655414A9A6}"
EndProject
Project("{FAE04EC0-301F-11D3-BF4B-00C04F79EFBC}") = "Example4", "Example4\Example4.csproj", "{7BA5FED9-219E-4089-ABBD-22B869FF078D}"
EndProject
Project("{FAE04EC0-301F-11D3-BF4B-00C04F79EFBC}") = "Example5", "Example5\Example5.csproj", "{5D64A3C1-7C76-4626-ACFC-9F929604A7E5}"
EndProject
Project("{FAE04EC0-301F-11D3-BF4B-00C04F79EFBC}") = "Example6", "Example6\Example6.csproj", "{BF353FBB-4E10-4289-A433-D3D24FA77BFF}"
EndProject
Project("{FAE04EC0-301F-11D3-BF4B-00C04F79EFBC}") = "Example7", "Example7\Example7.csproj", "{4B91E7CB-6E44-4278-9C9D-D7339F6FDCD9}"
EndProject
Project("{FAE04EC0-301F-11D3-BF4B-00C04F79EFBC}") = "Example8", "Example8\Example8.csproj", "{9E20F8DC-CC5C-4DAC-A772-3A1D3287410A}"
EndProject
Global
	GlobalSection(SolutionConfigurationPlatforms) = preSolution
		Debug|Any CPU = Debug|Any CPU
		Release|Any CPU = Release|Any CPU
	EndGlobalSection
	GlobalSection(ProjectConfigurationPlatforms) = postSolution
		{79A59477-60B2-4C11-81D9-38BFA6C7555C}.Debug|Any CPU.ActiveCfg = Debug|Any CPU
		{79A59477-60B2-4C11-81D9-38BFA6C7555C}.Debug|Any CPU.Build.0 = Debug|Any CPU
		{79A59477-60B2-4C11-81D9-38BFA6C7555C}.Release|Any CPU.ActiveCfg = Release|Any CPU
		{79A59477-60B2-4C11-81D9-38BFA6C7555C}.Release|Any CPU.Build.0 = Release|Any CPU
		{E30538A8-31EC-4B31-8BCB-CAC3F68E5072}.Debug|Any CPU.ActiveCfg = Debug|Any CPU
		{E30538A8-31EC-4B31-8BCB-CAC3F68E5072}.Debug|Any CPU.Build.0 = Debug|Any CPU
		{E30538A8-31EC-4B31-8BCB-CAC3F68E5072}.Release|Any CPU.ActiveCfg = Release|Any CPU
		{E30538A8-31EC-4B31-8BCB-CAC3F68E5072}.Release|Any CPU.Build.0 = Release|Any CPU
		{CA5C06AD-7676-4C08-8A51-67655414A9A6}.Debug|Any CPU.ActiveCfg = Debug|Any CPU
		{CA5C06AD-7676-4C08-8A51-67655414A9A6}.Debug|Any CPU.Build.0 = Debug|Any CPU
		{CA5C06AD-7676-4C08-8A51-67655414A9A6}.Release|Any CPU.ActiveCfg = Release|Any CPU
		{CA5C06AD-7676-4C08-8A51-67655414A9A6}.Release|Any CPU.Build.0 = Release|Any CPU
		{7BA5FED9-219E-4089-ABBD-22B869FF078D}.Debug|Any CPU.ActiveCfg = Debug|Any CPU
		{7BA5FED9-219E-4089-ABBD-22B869FF078D}.Debug|Any CPU.Build.0 = Debug|Any CPU
		{7BA5FED9-219E-4089-ABBD-22B869FF078D}.Release|Any CPU.ActiveCfg = Release|Any CPU
		{7BA5FED9-219E-4089-ABBD-22B869FF078D}.Release|Any CPU.Build.0 = Release|Any CPU
		{5D64A3C1-7C76-4626-ACFC-9F929604A7E5}.Debug|Any CPU.ActiveCfg = Debug|Any CPU
		{5D64A3C1-7C76-4626-ACFC-9F929604A7E5}.Debug|Any CPU.Build.0 = Debug|Any CPU
		{5D64A3C1-7C76-4626-ACFC-9F929604A7E5}.Release|Any CPU.ActiveCfg = Release|Any CPU
		{5D64A3C1-7C76-4626-ACFC-9F929604A7E5}.Release|Any CPU.Build.0 = Release|Any CPU
		{BF353FBB-4E10-4289-A433-D3D24FA77BFF}.Debug|Any CPU.ActiveCfg = Debug|Any CPU
		{BF353FBB-4E10-4289-A433-D3D24FA77BFF}.Debug|Any CPU.Build.0 = Debug|Any CPU
		{BF353FBB-4E10-4289-A433-D3D24FA77BFF}.Release|Any CPU.ActiveCfg = Release|Any CPU
		{BF353FBB-4E10-4289-A433-D3D24FA77BFF}.Release|Any CPU.Build.0 = Release|Any CPU
		{4B91E7CB-6E44-4278-9C9D-D7339F6FDCD9}.Debug|Any CPU.ActiveCfg = Debug|Any CPU
		{4B91E7CB-6E44-4278-9C9D-D7339F6FDCD9}.Debug|Any CPU.Build.0 = Debug|Any CPU
		{4B91E7CB-6E44-4278-9C9D-D7339F6FDCD9}.Release|Any CPU.ActiveCfg = Release|Any CPU
		{4B91E7CB-6E44-4278-9C9D-D7339F6FDCD9}.Release|Any CPU.Build.0 = Release|Any CPU
		{9E20F8DC-CC5C-4DAC-A772-3A1D3287410A}.Debug|Any CPU.ActiveCfg = Debug|Any CPU
		{9E20F8DC-CC5C-4DAC-A772-3A1D3287410A}.Debug|Any CPU.Build.0 = Debug|Any CPU
		{9E20F8DC-CC5C-4DAC-A772-3A1D3287410A}.Release|Any CPU.ActiveCfg = Release|Any CPU
		{9E20F8DC-CC5C-4DAC-A772-3A1D3287410A}.Release|Any CPU.Build.0 = Release|Any CPU
	EndGlobalSection
	GlobalSection(SolutionProperties) = preSolution
		HideSolutionNode = FALSE
	EndGlobalSection
EndGlobal
